
Microsoft Visual Studio Solution File, Format Version 12.00
# Visual Studio Version 17
VisualStudioVersion = 17.14.36603.0 d17.14
MinimumVisualStudioVersion = 10.0.40219.1
Project("{FAE04EC0-301F-11D3-BF4B-00C04F79EFBC}") = "LinQ", "LinQ\LinQ.csproj", "{A3BEE578-45E5-47BB-B720-CA2EFBC65BBB}"
EndProject
Global
	GlobalSection(SolutionConfigurationPlatforms) = preSolution
		Debug|Any CPU = Debug|Any CPU
		Release|Any CPU = Release|Any CPU
	EndGlobalSection
	GlobalSection(ProjectConfigurationPlatforms) = postSolution
		{A3BEE578-45E5-47BB-B720-CA2EFBC65BBB}.Debug|Any CPU.ActiveCfg = Debug|Any CPU
		{A3BEE578-45E5-47BB-B720-CA2EFBC65BBB}.Debug|Any CPU.Build.0 = Debug|Any CPU
		{A3BEE578-45E5-47BB-B720-CA2EFBC65BBB}.Release|Any CPU.ActiveCfg = Release|Any CPU
		{A3BEE578-45E5-47BB-B720-CA2EFBC65BBB}.Release|Any CPU.Build.0 = Release|Any CPU
	EndGlobalSection
	GlobalSection(SolutionProperties) = preSolution
		HideSolutionNode = FALSE
	EndGlobalSection
	GlobalSection(ExtensibilityGlobals) = postSolution
		SolutionGuid = {1135E6D6-BC52-4825-B016-354074BB53EF}
	EndGlobalSection
EndGlobal
